{
  "name": "Coding",
  "lockfileVersion": 3,
  "requires": true,
  "packages": {
    "": {
      "dependencies": {
        "countdownjs": "^2.0.0",
        "simplycountdown.js": "^1.7.0"
      }
    },
    "node_modules/countdownjs": {
      "version": "2.0.0",
      "resolved": "https://registry.npmjs.org/countdownjs/-/countdownjs-2.0.0.tgz",
      "integrity": "sha512-LWRHJJH5k6xYspvUr7TwoRcYuvtF1Zw6205H9umzlfTNiW5QfAXPnNMDxUYsUV789LJTLOkW8+4VWjvGyWSaHg==",
      "engines": {
        "node": ">=3.x.X"
      }
    },
    "node_modules/simplycountdown.js": {
      "version": "1.7.0",
      "resolved": "https://registry.npmjs.org/simplycountdown.js/-/simplycountdown.js-1.7.0.tgz",
      "integrity": "sha512-UB5LVDVRuVyawYsrosoQ8qOwSdK4JLX8njkmTy5y8ECBQ/h3HGCt6XdYAlMYVHfqQ9egp7dOHZzAjo7+FHYYAw=="
    }
  }
}
